
Microsoft Visual Studio Solution File, Format Version 12.00
# Visual Studio Version 17
VisualStudioVersion = 17.11.35327.3
MinimumVisualStudioVersion = 10.0.40219.1
Project("{FAE04EC0-301F-11D3-BF4B-00C04F79EFBC}") = "TestGIt", "TestGIt\TestGIt.csproj", "{55274849-B066-4843-AB22-492884E4EA01}"
EndProject
Global
	GlobalSection(SolutionConfigurationPlatforms) = preSolution
		Debug|Any CPU = Debug|Any CPU
		Release|Any CPU = Release|Any CPU
	EndGlobalSection
	GlobalSection(ProjectConfigurationPlatforms) = postSolution
		{55274849-B066-4843-AB22-492884E4EA01}.Debug|Any CPU.ActiveCfg = Debug|Any CPU
		{55274849-B066-4843-AB22-492884E4EA01}.Debug|Any CPU.Build.0 = Debug|Any CPU
		{55274849-B066-4843-AB22-492884E4EA01}.Release|Any CPU.ActiveCfg = Release|Any CPU
		{55274849-B066-4843-AB22-492884E4EA01}.Release|Any CPU.Build.0 = Release|Any CPU
	EndGlobalSection
	GlobalSection(SolutionProperties) = preSolution
		HideSolutionNode = FALSE
	EndGlobalSection
	GlobalSection(ExtensibilityGlobals) = postSolution
		SolutionGuid = {F306099A-B7CD-47BC-A3BC-DDADB493AB59}
	EndGlobalSection
EndGlobal
